// !$*UTF8*$!
{
	archiveVersion = 1;
	classes = {
	};
	objectVersion = 46;
	objects = {

/* Begin PBXBuildFile section */
		CE0BCF741EB5B14D0047E6D2 /* TestViewController.swift in Sources */ = {isa = PBXBuildFile; fileRef = CE0BCF731EB5B14D0047E6D2 /* TestViewController.swift */; };
		CE0BCF871EB96FB10047E6D2 /* ListTableViewCell.swift in Sources */ = {isa = PBXBuildFile; fileRef = CE0BCF851EB96FB10047E6D2 /* ListTableViewCell.swift */; };
		CE0BCF881EB96FB10047E6D2 /* ListTableViewCell.xib in Resources */ = {isa = PBXBuildFile; fileRef = CE0BCF861EB96FB10047E6D2 /* ListTableViewCell.xib */; };
		CE0BCF8C1EB972C70047E6D2 /* ListTableViewController.swift in Sources */ = {isa = PBXBuildFile; fileRef = CE0BCF8B1EB972C70047E6D2 /* ListTableViewController.swift */; };
		CE252C161EC34F3F0043A21B /* TitleViewController.swift in Sources */ = {isa = PBXBuildFile; fileRef = CE252C151EC34F3F0043A21B /* TitleViewController.swift */; };
		CE252C191EC360200043A21B /* FinishListTableViewCell.swift in Sources */ = {isa = PBXBuildFile; fileRef = CE252C171EC360200043A21B /* FinishListTableViewCell.swift */; };
		CE252C1A1EC360200043A21B /* FinishListTableViewCell.xib in Resources */ = {isa = PBXBuildFile; fileRef = CE252C181EC360200043A21B /* FinishListTableViewCell.xib */; };
		CE252C1C1EC3629B0043A21B /* FinishListTableViewController.swift in Sources */ = {isa = PBXBuildFile; fileRef = CE252C1B1EC3629B0043A21B /* FinishListTableViewController.swift */; };
		CE252C1E1EC36A630043A21B /* Test2 ViewController.swift in Sources */ = {isa = PBXBuildFile; fileRef = CE252C1D1EC36A630043A21B /* Test2 ViewController.swift */; };
		CE93BBC61EB0DBA4000E0143 /* AppDelegate.swift in Sources */ = {isa = PBXBuildFile; fileRef = CE93BBC51EB0DBA4000E0143 /* AppDelegate.swift */; };
		CE93BBC81EB0DBA5000E0143 /* ViewController.swift in Sources */ = {isa = PBXBuildFile; fileRef = CE93BBC71EB0DBA5000E0143 /* ViewController.swift */; };
		CE93BBCB1EB0DBA5000E0143 /* Main.storyboard in Resources */ = {isa = PBXBuildFile; fileRef = CE93BBC91EB0DBA5000E0143 /* Main.storyboard */; };
		CE93BBCD1EB0DBA5000E0143 /* Assets.xcassets in Resources */ = {isa = PBXBuildFile; fileRef = CE93BBCC1EB0DBA5000E0143 /* Assets.xcassets */; };
		CE93BBD01EB0DBA5000E0143 /* LaunchScreen.storyboard in Resources */ = {isa = PBXBuildFile; fileRef = CE93BBCE1EB0DBA5000E0143 /* LaunchScreen.storyboard */; };
		CE93BBDB1EB0DBA5000E0143 /* OLOLTests.swift in Sources */ = {isa = PBXBuildFile; fileRef = CE93BBDA1EB0DBA5000E0143 /* OLOLTests.swift */; };
		CE93BBE61EB0DBA5000E0143 /* OLOLUITests.swift in Sources */ = {isa = PBXBuildFile; fileRef = CE93BBE51EB0DBA5000E0143 /* OLOLUITests.swift */; };
		CE93BBF51EB0DE1E000E0143 /* TestTableViewCell.swift in Sources */ = {isa = PBXBuildFile; fileRef = CE93BBF31EB0DE1E000E0143 /* TestTableViewCell.swift */; };
		CE93BBF61EB0DE1E000E0143 /* TestTableViewCell.xib in Resources */ = {isa = PBXBuildFile; fileRef = CE93BBF41EB0DE1E000E0143 /* TestTableViewCell.xib */; };
/* End PBXBuildFile section */

/* Begin PBXContainerItemProxy section */
		CE93BBD71EB0DBA5000E0143 /* PBXContainerItemProxy */ = {
			isa = PBXContainerItemProxy;
			containerPortal = CE93BBBA1EB0DBA4000E0143 /* Project object */;
			proxyType = 1;
			remoteGlobalIDString = CE93BBC11EB0DBA4000E0143;
			remoteInfo = OLOL;
		};
		CE93BBE21EB0DBA5000E0143 /* PBXContainerItemProxy */ = {
			isa = PBXContainerItemProxy;
			containerPortal = CE93BBBA1EB0DBA4000E0143 /* Project object */;
			proxyType = 1;
			remoteGlobalIDString = CE93BBC11EB0DBA4000E0143;
			remoteInfo = OLOL;
		};
/* End PBXContainerItemProxy section */

/* Begin PBXFileReference section */
		CE0BCF731EB5B14D0047E6D2 /* TestViewController.swift */ = {isa = PBXFileReference; fileEncoding = 4; lastKnownFileType = sourcecode.swift; path = TestViewController.swift; sourceTree = "<group>"; };
		CE0BCF851EB96FB10047E6D2 /* ListTableViewCell.swift */ = {isa = PBXFileReference; fileEncoding = 4; lastKnownFileType = sourcecode.swift; path = ListTableViewCell.swift; sourceTree = "<group>"; };
		CE0BCF861EB96FB10047E6D2 /* ListTableViewCell.xib */ = {isa = PBXFileReference; fileEncoding = 4; lastKnownFileType = file.xib; path = ListTableViewCell.xib; sourceTree = "<group>"; };
		CE0BCF8B1EB972C70047E6D2 /* ListTableViewController.swift */ = {isa = PBXFileReference; fileEncoding = 4; lastKnownFileType = sourcecode.swift; path = ListTableViewController.swift; sourceTree = "<group>"; };
		CE252C151EC34F3F0043A21B /* TitleViewController.swift */ = {isa = PBXFileReference; fileEncoding = 4; lastKnownFileType = sourcecode.swift; path = TitleViewController.swift; sourceTree = "<group>"; };
		CE252C171EC360200043A21B /* FinishListTableViewCell.swift */ = {isa = PBXFileReference; fileEncoding = 4; lastKnownFileType = sourcecode.swift; path = FinishListTableViewCell.swift; sourceTree = "<group>"; };
		CE252C181EC360200043A21B /* FinishListTableViewCell.xib */ = {isa = PBXFileReference; fileEncoding = 4; lastKnownFileType = file.xib; path = FinishListTableViewCell.xib; sourceTree = "<group>"; };
		CE252C1B1EC3629B0043A21B /* FinishListTableViewController.swift */ = {isa = PBXFileReference; fileEncoding = 4; lastKnownFileType = sourcecode.swift; path = FinishListTableViewController.swift; sourceTree = "<group>"; };
		CE252C1D1EC36A630043A21B /* Test2 ViewController.swift */ = {isa = PBXFileReference; fileEncoding = 4; lastKnownFileType = sourcecode.swift; path = "Test2 ViewController.swift"; sourceTree = "<group>"; };
		CE93BBC21EB0DBA4000E0143 /* OLOL.app */ = {isa = PBXFileReference; explicitFileType = wrapper.application; includeInIndex = 0; path = OLOL.app; sourceTree = BUILT_PRODUCTS_DIR; };
		CE93BBC51EB0DBA4000E0143 /* AppDelegate.swift */ = {isa = PBXFileReference; lastKnownFileType = sourcecode.swift; path = AppDelegate.swift; sourceTree = "<group>"; };
		CE93BBC71EB0DBA5000E0143 /* ViewController.swift */ = {isa = PBXFileReference; lastKnownFileType = sourcecode.swift; path = ViewController.swift; sourceTree = "<group>"; };
		CE93BBCA1EB0DBA5000E0143 /* Base */ = {isa = PBXFileReference; lastKnownFileType = file.storyboard; name = Base; path = Base.lproj/Main.storyboard; sourceTree = "<group>"; };
		CE93BBCC1EB0DBA5000E0143 /* Assets.xcassets */ = {isa = PBXFileReference; lastKnownFileType = folder.assetcatalog; path = Assets.xcassets; sourceTree = "<group>"; };
		CE93BBCF1EB0DBA5000E0143 /* Base */ = {isa = PBXFileReference; lastKnownFileType = file.storyboard; name = Base; path = Base.lproj/LaunchScreen.storyboard; sourceTree = "<group>"; };
		CE93BBD11EB0DBA5000E0143 /* Info.plist */ = {isa = PBXFileReference; lastKnownFileType = text.plist.xml; path = Info.plist; sourceTree = "<group>"; };
		CE93BBD61EB0DBA5000E0143 /* OLOLTests.xctest */ = {isa = PBXFileReference; explicitFileType = wrapper.cfbundle; includeInIndex = 0; path = OLOLTests.xctest; sourceTree = BUILT_PRODUCTS_DIR; };
		CE93BBDA1EB0DBA5000E0143 /* OLOLTests.swift */ = {isa = PBXFileReference; lastKnownFileType = sourcecode.swift; path = OLOLTests.swift; sourceTree = "<group>"; };
		CE93BBDC1EB0DBA5000E0143 /* Info.plist */ = {isa = PBXFileReference; lastKnownFileType = text.plist.xml; path = Info.plist; sourceTree = "<group>"; };
		CE93BBE11EB0DBA5000E0143 /* OLOLUITests.xctest */ = {isa = PBXFileReference; explicitFileType = wrapper.cfbundle; includeInIndex = 0; path = OLOLUITests.xctest; sourceTree = BUILT_PRODUCTS_DIR; };
		CE93BBE51EB0DBA5000E0143 /* OLOLUITests.swift */ = {isa = PBXFileReference; lastKnownFileType = sourcecode.swift; path = OLOLUITests.swift; sourceTree = "<group>"; };
		CE93BBE71EB0DBA5000E0143 /* Info.plist */ = {isa = PBXFileReference; lastKnownFileType = text.plist.xml; path = Info.plist; sourceTree = "<group>"; };
		CE93BBF31EB0DE1E000E0143 /* TestTableViewCell.swift */ = {isa = PBXFileReference; fileEncoding = 4; lastKnownFileType = sourcecode.swift; path = TestTableViewCell.swift; sourceTree = "<group>"; };
		CE93BBF41EB0DE1E000E0143 /* TestTableViewCell.xib */ = {isa = PBXFileReference; fileEncoding = 4; lastKnownFileType = file.xib; path = TestTableViewCell.xib; sourceTree = "<group>"; };
/* End PBXFileReference section */

/* Begin PBXFrameworksBuildPhase section */
		CE93BBBF1EB0DBA4000E0143 /* Frameworks */ = {
			isa = PBXFrameworksBuildPhase;
			buildActionMask = 2147483647;
			files = (
			);
			runOnlyForDeploymentPostprocessing = 0;
		};
		CE93BBD31EB0DBA5000E0143 /* Frameworks */ = {
			isa = PBXFrameworksBuildPhase;
			buildActionMask = 2147483647;
			files = (
			);
			runOnlyForDeploymentPostprocessing = 0;
		};
		CE93BBDE1EB0DBA5000E0143 /* Frameworks */ = {
			isa = PBXFrameworksBuildPhase;
			buildActionMask = 2147483647;
			files = (
			);
			runOnlyForDeploymentPostprocessing = 0;
		};
/* End PBXFrameworksBuildPhase section */

/* Begin PBXGroup section */
		CE93BBB91EB0DBA4000E0143 = {
			isa = PBXGroup;
			children = (
				CE93BBC41EB0DBA4000E0143 /* OLOL */,
				CE93BBD91EB0DBA5000E0143 /* OLOLTests */,
				CE93BBE41EB0DBA5000E0143 /* OLOLUITests */,
				CE93BBC31EB0DBA4000E0143 /* Products */,
			);
			sourceTree = "<group>";
		};
		CE93BBC31EB0DBA4000E0143 /* Products */ = {
			isa = PBXGroup;
			children = (
				CE93BBC21EB0DBA4000E0143 /* OLOL.app */,
				CE93BBD61EB0DBA5000E0143 /* OLOLTests.xctest */,
				CE93BBE11EB0DBA5000E0143 /* OLOLUITests.xctest */,
			);
			name = Products;
			sourceTree = "<group>";
		};
		CE93BBC41EB0DBA4000E0143 /* OLOL */ = {
			isa = PBXGroup;
			children = (
				CE93BBC51EB0DBA4000E0143 /* AppDelegate.swift */,
				CE93BBC71EB0DBA5000E0143 /* ViewController.swift */,
				CE93BBF31EB0DE1E000E0143 /* TestTableViewCell.swift */,
				CE93BBF41EB0DE1E000E0143 /* TestTableViewCell.xib */,
				CE93BBC91EB0DBA5000E0143 /* Main.storyboard */,
				CE252C1D1EC36A630043A21B /* Test2 ViewController.swift */,
				CE252C1B1EC3629B0043A21B /* FinishListTableViewController.swift */,
				CE252C171EC360200043A21B /* FinishListTableViewCell.swift */,
				CE252C181EC360200043A21B /* FinishListTableViewCell.xib */,
				CE252C151EC34F3F0043A21B /* TitleViewController.swift */,
				CE0BCF851EB96FB10047E6D2 /* ListTableViewCell.swift */,
				CE0BCF861EB96FB10047E6D2 /* ListTableViewCell.xib */,
				CE0BCF731EB5B14D0047E6D2 /* TestViewController.swift */,
				CE0BCF8B1EB972C70047E6D2 /* ListTableViewController.swift */,
				CE93BBCC1EB0DBA5000E0143 /* Assets.xcassets */,
				CE93BBCE1EB0DBA5000E0143 /* LaunchScreen.storyboard */,
				CE93BBD11EB0DBA5000E0143 /* Info.plist */,
			);
			path = OLOL;
			sourceTree = "<group>";
		};
		CE93BBD91EB0DBA5000E0143 /* OLOLTests */ = {
			isa = PBXGroup;
			children = (
				CE93BBDA1EB0DBA5000E0143 /* OLOLTests.swift */,
				CE93BBDC1EB0DBA5000E0143 /* Info.plist */,
			);
			path = OLOLTests;
			sourceTree = "<group>";
		};
		CE93BBE41EB0DBA5000E0143 /* OLOLUITests */ = {
			isa = PBXGroup;
			children = (
				CE93BBE51EB0DBA5000E0143 /* OLOLUITests.swift */,
				CE93BBE71EB0DBA5000E0143 /* Info.plist */,
			);
			path = OLOLUITests;
			sourceTree = "<group>";
		};
/* End PBXGroup section */

/* Begin PBXNativeTarget section */
		CE93BBC11EB0DBA4000E0143 /* OLOL */ = {
			isa = PBXNativeTarget;
			buildConfigurationList = CE93BBEA1EB0DBA5000E0143 /* Build configuration list for PBXNativeTarget "OLOL" */;
			buildPhases = (
				CE93BBBE1EB0DBA4000E0143 /* Sources */,
				CE93BBBF1EB0DBA4000E0143 /* Frameworks */,
				CE93BBC01EB0DBA4000E0143 /* Resources */,
			);
			buildRules = (
			);
			dependencies = (
			);
			name = OLOL;
			productName = OLOL;
			productReference = CE93BBC21EB0DBA4000E0143 /* OLOL.app */;
			productType = "com.apple.product-type.application";
		};
		CE93BBD51EB0DBA5000E0143 /* OLOLTests */ = {
			isa = PBXNativeTarget;
			buildConfigurationList = CE93BBED1EB0DBA5000E0143 /* Build configuration list for PBXNativeTarget "OLOLTests" */;
			buildPhases = (
				CE93BBD21EB0DBA5000E0143 /* Sources */,
				CE93BBD31EB0DBA5000E0143 /* Frameworks */,
				CE93BBD41EB0DBA5000E0143 /* Resources */,
			);
			buildRules = (
			);
			dependencies = (
				CE93BBD81EB0DBA5000E0143 /* PBXTargetDependency */,
			);
			name = OLOLTests;
			productName = OLOLTests;
			productReference = CE93BBD61EB0DBA5000E0143 /* OLOLTests.xctest */;
			productType = "com.apple.product-type.bundle.unit-test";
		};
		CE93BBE01EB0DBA5000E0143 /* OLOLUITests */ = {
			isa = PBXNativeTarget;
			buildConfigurationList = CE93BBF01EB0DBA5000E0143 /* Build configuration list for PBXNativeTarget "OLOLUITests" */;
			buildPhases = (
				CE93BBDD1EB0DBA5000E0143 /* Sources */,
				CE93BBDE1EB0DBA5000E0143 /* Frameworks */,
				CE93BBDF1EB0DBA5000E0143 /* Resources */,
			);
			buildRules = (
			);
			dependencies = (
				CE93BBE31EB0DBA5000E0143 /* PBXTargetDependency */,
			);
			name = OLOLUITests;
			productName = OLOLUITests;
			productReference = CE93BBE11EB0DBA5000E0143 /* OLOLUITests.xctest */;
			productType = "com.apple.product-type.bundle.ui-testing";
		};
/* End PBXNativeTarget section */

/* Begin PBXProject section */
		CE93BBBA1EB0DBA4000E0143 /* Project object */ = {
			isa = PBXProject;
			attributes = {
				LastSwiftUpdateCheck = 0830;
				LastUpgradeCheck = 0830;
				ORGANIZATIONNAME = "Kanon Kimura";
				TargetAttributes = {
					CE93BBC11EB0DBA4000E0143 = {
						CreatedOnToolsVersion = 8.3.2;
						DevelopmentTeam = E8ZNHLBSVP;
						ProvisioningStyle = Automatic;
					};
					CE93BBD51EB0DBA5000E0143 = {
						CreatedOnToolsVersion = 8.3.2;
						DevelopmentTeam = E8ZNHLBSVP;
						ProvisioningStyle = Automatic;
						TestTargetID = CE93BBC11EB0DBA4000E0143;
					};
					CE93BBE01EB0DBA5000E0143 = {
						CreatedOnToolsVersion = 8.3.2;
						DevelopmentTeam = E8ZNHLBSVP;
						ProvisioningStyle = Automatic;
						TestTargetID = CE93BBC11EB0DBA4000E0143;
					};
				};
			};
			buildConfigurationList = CE93BBBD1EB0DBA4000E0143 /* Build configuration list for PBXProject "OLOL" */;
			compatibilityVersion = "Xcode 3.2";
			developmentRegion = English;
			hasScannedForEncodings = 0;
			knownRegions = (
				en,
				Base,
			);
			mainGroup = CE93BBB91EB0DBA4000E0143;
			productRefGroup = CE93BBC31EB0DBA4000E0143 /* Products */;
			projectDirPath = "";
			projectRoot = "";
			targets = (
				CE93BBC11EB0DBA4000E0143 /* OLOL */,
				CE93BBD51EB0DBA5000E0143 /* OLOLTests */,
				CE93BBE01EB0DBA5000E0143 /* OLOLUITests */,
			);
		};
/* End PBXProject section */

/* Begin PBXResourcesBuildPhase section */
		CE93BBC01EB0DBA4000E0143 /* Resources */ = {
			isa = PBXResourcesBuildPhase;
			buildActionMask = 2147483647;
			files = (
				CE252C1A1EC360200043A21B /* FinishListTableViewCell.xib in Resources */,
				CE0BCF881EB96FB10047E6D2 /* ListTableViewCell.xib in Resources */,
				CE93BBD01EB0DBA5000E0143 /* LaunchScreen.storyboard in Resources */,
				CE93BBF61EB0DE1E000E0143 /* TestTableViewCell.xib in Resources */,
				CE93BBCD1EB0DBA5000E0143 /* Assets.xcassets in Resources */,
				CE93BBCB1EB0DBA5000E0143 /* Main.storyboard in Resources */,
			);
			runOnlyForDeploymentPostprocessing = 0;
		};
		CE93BBD41EB0DBA5000E0143 /* Resources */ = {
			isa = PBXResourcesBuildPhase;
			buildActionMask = 2147483647;
			files = (
			);
			runOnlyForDeploymentPostprocessing = 0;
		};
		CE93BBDF1EB0DBA5000E0143 /* Resources */ = {
			isa = PBXResourcesBuildPhase;
			buildActionMask = 2147483647;
			files = (
			);
			runOnlyForDeploymentPostprocessing = 0;
		};
/* End PBXResourcesBuildPhase section */

/* Begin PBXSourcesBuildPhase section */
		CE93BBBE1EB0DBA4000E0143 /* Sources */ = {
			isa = PBXSourcesBuildPhase;
			buildActionMask = 2147483647;
			files = (
				CE252C1C1EC3629B0043A21B /* FinishListTableViewController.swift in Sources */,
				CE252C191EC360200043A21B /* FinishListTableViewCell.swift in Sources */,
				CE93BBC81EB0DBA5000E0143 /* ViewController.swift in Sources */,
				CE93BBC61EB0DBA4000E0143 /* AppDelegate.swift in Sources */,
				CE0BCF741EB5B14D0047E6D2 /* TestViewController.swift in Sources */,
				CE252C161EC34F3F0043A21B /* TitleViewController.swift in Sources */,
				CE0BCF8C1EB972C70047E6D2 /* ListTableViewController.swift in Sources */,
				CE93BBF51EB0DE1E000E0143 /* TestTableViewCell.swift in Sources */,
				CE252C1E1EC36A630043A21B /* Test2 ViewController.swift in Sources */,
				CE0BCF871EB96FB10047E6D2 /* ListTableViewCell.swift in Sources */,
			);
			runOnlyForDeploymentPostprocessing = 0;
		};
		CE93BBD21EB0DBA5000E0143 /* Sources */ = {
			isa = PBXSourcesBuildPhase;
			buildActionMask = 2147483647;
			files = (
				CE93BBDB1EB0DBA5000E0143 /* OLOLTests.swift in Sources */,
			);
			runOnlyForDeploymentPostprocessing = 0;
		};
		CE93BBDD1EB0DBA5000E0143 /* Sources */ = {
			isa = PBXSourcesBuildPhase;
			buildActionMask = 2147483647;
			files = (
				CE93BBE61EB0DBA5000E0143 /* OLOLUITests.swift in Sources */,
			);
			runOnlyForDeploymentPostprocessing = 0;
		};
/* End PBXSourcesBuildPhase section */

/* Begin PBXTargetDependency section */
		CE93BBD81EB0DBA5000E0143 /* PBXTargetDependency */ = {
			isa = PBXTargetDependency;
			target = CE93BBC11EB0DBA4000E0143 /* OLOL */;
			targetProxy = CE93BBD71EB0DBA5000E0143 /* PBXContainerItemProxy */;
		};
		CE93BBE31EB0DBA5000E0143 /* PBXTargetDependency */ = {
			isa = PBXTargetDependency;
			target = CE93BBC11EB0DBA4000E0143 /* OLOL */;
			targetProxy = CE93BBE21EB0DBA5000E0143 /* PBXContainerItemProxy */;
		};
/* End PBXTargetDependency section */

/* Begin PBXVariantGroup section */
		CE93BBC91EB0DBA5000E0143 /* Main.storyboard */ = {
			isa = PBXVariantGroup;
			children = (
				CE93BBCA1EB0DBA5000E0143 /* Base */,
			);
			name = Main.storyboard;
			sourceTree = "<group>";
		};
		CE93BBCE1EB0DBA5000E0143 /* LaunchScreen.storyboard */ = {
			isa = PBXVariantGroup;
			children = (
				CE93BBCF1EB0DBA5000E0143 /* Base */,
			);
			name = LaunchScreen.storyboard;
			sourceTree = "<group>";
		};
/* End PBXVariantGroup section */

/* Begin XCBuildConfiguration section */
		CE93BBE81EB0DBA5000E0143 /* Debug */ = {
			isa = XCBuildConfiguration;
			buildSettings = {
				ALWAYS_SEARCH_USER_PATHS = NO;
				CLANG_ANALYZER_NONNULL = YES;
				CLANG_ANALYZER_NUMBER_OBJECT_CONVERSION = YES_AGGRESSIVE;
				CLANG_CXX_LANGUAGE_STANDARD = "gnu++0x";
				CLANG_CXX_LIBRARY = "libc++";
				CLANG_ENABLE_MODULES = YES;
				CLANG_ENABLE_OBJC_ARC = YES;
				CLANG_WARN_BOOL_CONVERSION = YES;
				CLANG_WARN_CONSTANT_CONVERSION = YES;
				CLANG_WARN_DIRECT_OBJC_ISA_USAGE = YES_ERROR;
				CLANG_WARN_DOCUMENTATION_COMMENTS = YES;
				CLANG_WARN_EMPTY_BODY = YES;
				CLANG_WARN_ENUM_CONVERSION = YES;
				CLANG_WARN_INFINITE_RECURSION = YES;
				CLANG_WARN_INT_CONVERSION = YES;
				CLANG_WARN_OBJC_ROOT_CLASS = YES_ERROR;
				CLANG_WARN_SUSPICIOUS_MOVE = YES;
				CLANG_WARN_UNREACHABLE_CODE = YES;
				CLANG_WARN__DUPLICATE_METHOD_MATCH = YES;
				"CODE_SIGN_IDENTITY[sdk=iphoneos*]" = "iPhone Developer";
				COPY_PHASE_STRIP = NO;
				DEBUG_INFORMATION_FORMAT = dwarf;
				ENABLE_STRICT_OBJC_MSGSEND = YES;
				ENABLE_TESTABILITY = YES;
				GCC_C_LANGUAGE_STANDARD = gnu99;
				GCC_DYNAMIC_NO_PIC = NO;
				GCC_NO_COMMON_BLOCKS = YES;
				GCC_OPTIMIZATION_LEVEL = 0;
				GCC_PREPROCESSOR_DEFINITIONS = (
					"DEBUG=1",
					"$(inherited)",
				);
				GCC_WARN_64_TO_32_BIT_CONVERSION = YES;
				GCC_WARN_ABOUT_RETURN_TYPE = YES_ERROR;
				GCC_WARN_UNDECLARED_SELECTOR = YES;
				GCC_WARN_UNINITIALIZED_AUTOS = YES_AGGRESSIVE;
				GCC_WARN_UNUSED_FUNCTION = YES;
				GCC_WARN_UNUSED_VARIABLE = YES;
				IPHONEOS_DEPLOYMENT_TARGET = 10.3;
				MTL_ENABLE_DEBUG_INFO = YES;
				ONLY_ACTIVE_ARCH = YES;
				SDKROOT = iphoneos;
				SWIFT_ACTIVE_COMPILATION_CONDITIONS = DEBUG;
				SWIFT_OPTIMIZATION_LEVEL = "-Onone";
			};
			name = Debug;
		};
		CE93BBE91EB0DBA5000E0143 /* Release */ = {
			isa = XCBuildConfiguration;
			buildSettings = {
				ALWAYS_SEARCH_USER_PATHS = NO;
				CLANG_ANALYZER_NONNULL = YES;
				CLANG_ANALYZER_NUMBER_OBJECT_CONVERSION = YES_AGGRESSIVE;
				CLANG_CXX_LANGUAGE_STANDARD = "gnu++0x";
				CLANG_CXX_LIBRARY = "libc++";
				CLANG_ENABLE_MODULES = YES;
				CLANG_ENABLE_OBJC_ARC = YES;
				CLANG_WARN_BOOL_CONVERSION = YES;
				CLANG_WARN_CONSTANT_CONVERSION = YES;
				CLANG_WARN_DIRECT_OBJC_ISA_USAGE = YES_ERROR;
				CLANG_WARN_DOCUMENTATION_COMMENTS = YES;
				CLANG_WARN_EMPTY_BODY = YES;
				CLANG_WARN_ENUM_CONVERSION = YES;
				CLANG_WARN_INFINITE_RECURSION = YES;
				CLANG_WARN_INT_CONVERSION = YES;
				CLANG_WARN_OBJC_ROOT_CLASS = YES_ERROR;
				CLANG_WARN_SUSPICIOUS_MOVE = YES;
				CLANG_WARN_UNREACHABLE_CODE = YES;
				CLANG_WARN__DUPLICATE_METHOD_MATCH = YES;
				"CODE_SIGN_IDENTITY[sdk=iphoneos*]" = "iPhone Developer";
				COPY_PHASE_STRIP = NO;
				DEBUG_INFORMATION_FORMAT = "dwarf-with-dsym";
				ENABLE_NS_ASSERTIONS = NO;
				ENABLE_STRICT_OBJC_MSGSEND = YES;
				GCC_C_LANGUAGE_STANDARD = gnu99;
				GCC_NO_COMMON_BLOCKS = YES;
				GCC_WARN_64_TO_32_BIT_CONVERSION = YES;
				GCC_WARN_ABOUT_RETURN_TYPE = YES_ERROR;
				GCC_WARN_UNDECLARED_SELECTOR = YES;
				GCC_WARN_UNINITIALIZED_AUTOS = YES_AGGRESSIVE;
				GCC_WARN_UNUSED_FUNCTION = YES;
				GCC_WARN_UNUSED_VARIABLE = YES;
				IPHONEOS_DEPLOYMENT_TARGET = 10.3;
				MTL_ENABLE_DEBUG_INFO = NO;
				SDKROOT = iphoneos;
				SWIFT_OPTIMIZATION_LEVEL = "-Owholemodule";
				VALIDATE_PRODUCT = YES;
			};
			name = Release;
		};
		CE93BBEB1EB0DBA5000E0143 /* Debug */ = {
			isa = XCBuildConfiguration;
			buildSettings = {
				ASSETCATALOG_COMPILER_APPICON_NAME = AppIcon;
				DEVELOPMENT_TEAM = E8ZNHLBSVP;
				INFOPLIST_FILE = OLOL/Info.plist;
				IPHONEOS_DEPLOYMENT_TARGET = 10.3;
				LD_RUNPATH_SEARCH_PATHS = "$(inherited) @executable_path/Frameworks";
				PRODUCT_BUNDLE_IDENTIFIER = com.litech.OLOL.kimu;
				PRODUCT_NAME = "$(TARGET_NAME)";
				SWIFT_VERSION = 3.0;
			};
			name = Debug;
		};
		CE93BBEC1EB0DBA5000E0143 /* Release */ = {
			isa = XCBuildConfiguration;
			buildSettings = {
				ASSETCATALOG_COMPILER_APPICON_NAME = AppIcon;
				DEVELOPMENT_TEAM = E8ZNHLBSVP;
				INFOPLIST_FILE = OLOL/Info.plist;
				IPHONEOS_DEPLOYMENT_TARGET = 10.3;
				LD_RUNPATH_SEARCH_PATHS = "$(inherited) @executable_path/Frameworks";
				PRODUCT_BUNDLE_IDENTIFIER = com.litech.OLOL.kimu;
				PRODUCT_NAME = "$(TARGET_NAME)";
				SWIFT_VERSION = 3.0;
			};
			name = Release;
		};
		CE93BBEE1EB0DBA5000E0143 /* Debug */ = {
			isa = XCBuildConfiguration;
			buildSettings = {
				ALWAYS_EMBED_SWIFT_STANDARD_LIBRARIES = YES;
				BUNDLE_LOADER = "$(TEST_HOST)";
				DEVELOPMENT_TEAM = E8ZNHLBSVP;
				INFOPLIST_FILE = OLOLTests/Info.plist;
				LD_RUNPATH_SEARCH_PATHS = "$(inherited) @executable_path/Frameworks @loader_path/Frameworks";
				PRODUCT_BUNDLE_IDENTIFIER = com.litech.OLOLTests;
				PRODUCT_NAME = "$(TARGET_NAME)";
				SWIFT_VERSION = 3.0;
				TEST_HOST = "$(BUILT_PRODUCTS_DIR)/OLOL.app/OLOL";
			};
			name = Debug;
		};
		CE93BBEF1EB0DBA5000E0143 /* Release */ = {
			isa = XCBuildConfiguration;
			buildSettings = {
				ALWAYS_EMBED_SWIFT_STANDARD_LIBRARIES = YES;
				BUNDLE_LOADER = "$(TEST_HOST)";
				DEVELOPMENT_TEAM = E8ZNHLBSVP;
				INFOPLIST_FILE = OLOLTests/Info.plist;
				LD_RUNPATH_SEARCH_PATHS = "$(inherited) @executable_path/Frameworks @loader_path/Frameworks";
				PRODUCT_BUNDLE_IDENTIFIER = com.litech.OLOLTests;
				PRODUCT_NAME = "$(TARGET_NAME)";
				SWIFT_VERSION = 3.0;
				TEST_HOST = "$(BUILT_PRODUCTS_DIR)/OLOL.app/OLOL";
			};
			name = Release;
		};
		CE93BBF11EB0DBA5000E0143 /* Debug */ = {
			isa = XCBuildConfiguration;
			buildSettings = {
				ALWAYS_EMBED_SWIFT_STANDARD_LIBRARIES = YES;
				DEVELOPMENT_TEAM = E8ZNHLBSVP;
				INFOPLIST_FILE = OLOLUITests/Info.plist;
				LD_RUNPATH_SEARCH_PATHS = "$(inherited) @executable_path/Frameworks @loader_path/Frameworks";
				PRODUCT_BUNDLE_IDENTIFIER = com.litech.OLOLUITests;
				PRODUCT_NAME = "$(TARGET_NAME)";
				SWIFT_VERSION = 3.0;
				TEST_TARGET_NAME = OLOL;
			};
			name = Debug;
		};
		CE93BBF21EB0DBA5000E0143 /* Release */ = {
			isa = XCBuildConfiguration;
			buildSettings = {
				ALWAYS_EMBED_SWIFT_STANDARD_LIBRARIES = YES;
				DEVELOPMENT_TEAM = E8ZNHLBSVP;
				INFOPLIST_FILE = OLOLUITests/Info.plist;
				LD_RUNPATH_SEARCH_PATHS = "$(inherited) @executable_path/Frameworks @loader_path/Frameworks";
				PRODUCT_BUNDLE_IDENTIFIER = com.litech.OLOLUITests;
				PRODUCT_NAME = "$(TARGET_NAME)";
				SWIFT_VERSION = 3.0;
				TEST_TARGET_NAME = OLOL;
			};
			name = Release;
		};
/* End XCBuildConfiguration section */

/* Begin XCConfigurationList section */
		CE93BBBD1EB0DBA4000E0143 /* Build configuration list for PBXProject "OLOL" */ = {
			isa = XCConfigurationList;
			buildConfigurations = (
				CE93BBE81EB0DBA5000E0143 /* Debug */,
				CE93BBE91EB0DBA5000E0143 /* Release */,
			);
			defaultConfigurationIsVisible = 0;
			defaultConfigurationName = Release;
		};
		CE93BBEA1EB0DBA5000E0143 /* Build configuration list for PBXNativeTarget "OLOL" */ = {
			isa = XCConfigurationList;
			buildConfigurations = (
				CE93BBEB1EB0DBA5000E0143 /* Debug */,
				CE93BBEC1EB0DBA5000E0143 /* Release */,
			);
			defaultConfigurationIsVisible = 0;
			defaultConfigurationName = Release;
		};
		CE93BBED1EB0DBA5000E0143 /* Build configuration list for PBXNativeTarget "OLOLTests" */ = {
			isa = XCConfigurationList;
			buildConfigurations = (
				CE93BBEE1EB0DBA5000E0143 /* Debug */,
				CE93BBEF1EB0DBA5000E0143 /* Release */,
			);
			defaultConfigurationIsVisible = 0;
			defaultConfigurationName = Release;
		};
		CE93BBF01EB0DBA5000E0143 /* Build configuration list for PBXNativeTarget "OLOLUITests" */ = {
			isa = XCConfigurationList;
			buildConfigurations = (
				CE93BBF11EB0DBA5000E0143 /* Debug */,
				CE93BBF21EB0DBA5000E0143 /* Release */,
			);
			defaultConfigurationIsVisible = 0;
			defaultConfigurationName = Release;
		};
/* End XCConfigurationList section */
	};
	rootObject = CE93BBBA1EB0DBA4000E0143 /* Project object */;
}
